// !$*UTF8*$!
{
	archiveVersion = 1;
	classes = {
	};
	objectVersion = 50;
	objects = {

/* Begin PBXBuildFile section */
		EE976F85243256F600778117 /* PlaySoundsViewController.swift in Sources */ = {isa = PBXBuildFile; fileRef = EE976F84243256F600778117 /* PlaySoundsViewController.swift */; };
		EE976F8724326CF600778117 /* playsoundsviewcontroller-audio.swift in Sources */ = {isa = PBXBuildFile; fileRef = EE976F8624326CF600778117 /* playsoundsviewcontroller-audio.swift */; };
		EEFDC5F42430D68C00A29950 /* AppDelegate.swift in Sources */ = {isa = PBXBuildFile; fileRef = EEFDC5F32430D68C00A29950 /* AppDelegate.swift */; };
		EEFDC5F62430D68C00A29950 /* SceneDelegate.swift in Sources */ = {isa = PBXBuildFile; fileRef = EEFDC5F52430D68C00A29950 /* SceneDelegate.swift */; };
		EEFDC5F82430D68C00A29950 /* RecordSoundsViewController.swift in Sources */ = {isa = PBXBuildFile; fileRef = EEFDC5F72430D68C00A29950 /* RecordSoundsViewController.swift */; };
		EEFDC5FB2430D68C00A29950 /* Main.storyboard in Resources */ = {isa = PBXBuildFile; fileRef = EEFDC5F92430D68C00A29950 /* Main.storyboard */; };
		EEFDC5FD2430D68D00A29950 /* Assets.xcassets in Resources */ = {isa = PBXBuildFile; fileRef = EEFDC5FC2430D68D00A29950 /* Assets.xcassets */; };
		EEFDC6002430D68D00A29950 /* LaunchScreen.storyboard in Resources */ = {isa = PBXBuildFile; fileRef = EEFDC5FE2430D68D00A29950 /* LaunchScreen.storyboard */; };
/* End PBXBuildFile section */

/* Begin PBXFileReference section */
		EE976F84243256F600778117 /* PlaySoundsViewController.swift */ = {isa = PBXFileReference; lastKnownFileType = sourcecode.swift; path = PlaySoundsViewController.swift; sourceTree = "<group>"; };
		EE976F8624326CF600778117 /* playsoundsviewcontroller-audio.swift */ = {isa = PBXFileReference; fileEncoding = 4; lastKnownFileType = sourcecode.swift; path = "playsoundsviewcontroller-audio.swift"; sourceTree = "<group>"; };
		EEFDC5F02430D68C00A29950 /* PitchApp.app */ = {isa = PBXFileReference; explicitFileType = wrapper.application; includeInIndex = 0; path = PitchApp.app; sourceTree = BUILT_PRODUCTS_DIR; };
		EEFDC5F32430D68C00A29950 /* AppDelegate.swift */ = {isa = PBXFileReference; lastKnownFileType = sourcecode.swift; path = AppDelegate.swift; sourceTree = "<group>"; };
		EEFDC5F52430D68C00A29950 /* SceneDelegate.swift */ = {isa = PBXFileReference; lastKnownFileType = sourcecode.swift; path = SceneDelegate.swift; sourceTree = "<group>"; };
		EEFDC5F72430D68C00A29950 /* RecordSoundsViewController.swift */ = {isa = PBXFileReference; lastKnownFileType = sourcecode.swift; path = RecordSoundsViewController.swift; sourceTree = "<group>"; };
		EEFDC5FA2430D68C00A29950 /* Base */ = {isa = PBXFileReference; lastKnownFileType = file.storyboard; name = Base; path = Base.lproj/Main.storyboard; sourceTree = "<group>"; };
		EEFDC5FC2430D68D00A29950 /* Assets.xcassets */ = {isa = PBXFileReference; lastKnownFileType = folder.assetcatalog; path = Assets.xcassets; sourceTree = "<group>"; };
		EEFDC5FF2430D68D00A29950 /* Base */ = {isa = PBXFileReference; lastKnownFileType = file.storyboard; name = Base; path = Base.lproj/LaunchScreen.storyboard; sourceTree = "<group>"; };
		EEFDC6012430D68D00A29950 /* Info.plist */ = {isa = PBXFileReference; lastKnownFileType = text.plist.xml; path = Info.plist; sourceTree = "<group>"; };
/* End PBXFileReference section */

/* Begin PBXFrameworksBuildPhase section */
		EEFDC5ED2430D68C00A29950 /* Frameworks */ = {
			isa = PBXFrameworksBuildPhase;
			buildActionMask = 2147483647;
			files = (
			);
			runOnlyForDeploymentPostprocessing = 0;
		};
/* End PBXFrameworksBuildPhase section */

/* Begin PBXGroup section */
		EEFDC5E72430D68C00A29950 = {
			isa = PBXGroup;
			children = (
				EEFDC5F22430D68C00A29950 /* PitchApp */,
				EEFDC5F12430D68C00A29950 /* Products */,
			);
			sourceTree = "<group>";
		};
		EEFDC5F12430D68C00A29950 /* Products */ = {
			isa = PBXGroup;
			children = (
				EEFDC5F02430D68C00A29950 /* PitchApp.app */,
			);
			name = Products;
			sourceTree = "<group>";
		};
		EEFDC5F22430D68C00A29950 /* PitchApp */ = {
			isa = PBXGroup;
			children = (
				EEFDC5F32430D68C00A29950 /* AppDelegate.swift */,
				EEFDC5F52430D68C00A29950 /* SceneDelegate.swift */,
				EEFDC5F72430D68C00A29950 /* RecordSoundsViewController.swift */,
				EEFDC5F92430D68C00A29950 /* Main.storyboard */,
				EEFDC5FC2430D68D00A29950 /* Assets.xcassets */,
				EEFDC5FE2430D68D00A29950 /* LaunchScreen.storyboard */,
				EEFDC6012430D68D00A29950 /* Info.plist */,
				EE976F84243256F600778117 /* PlaySoundsViewController.swift */,
				EE976F8624326CF600778117 /* playsoundsviewcontroller-audio.swift */,
			);
			path = PitchApp;
			sourceTree = "<group>";
		};
/* End PBXGroup section */

/* Begin PBXNativeTarget section */
		EEFDC5EF2430D68C00A29950 /* PitchApp */ = {
			isa = PBXNativeTarget;
			buildConfigurationList = EEFDC6042430D68D00A29950 /* Build configuration list for PBXNativeTarget "PitchApp" */;
			buildPhases = (
				EEFDC5EC2430D68C00A29950 /* Sources */,
				EEFDC5ED2430D68C00A29950 /* Frameworks */,
				EEFDC5EE2430D68C00A29950 /* Resources */,
			);
			buildRules = (
			);
			dependencies = (
			);
			name = PitchApp;
			productName = PitchApp;
			productReference = EEFDC5F02430D68C00A29950 /* PitchApp.app */;
			productType = "com.apple.product-type.application";
		};
/* End PBXNativeTarget section */

/* Begin PBXProject section */
		EEFDC5E82430D68C00A29950 /* Project object */ = {
			isa = PBXProject;
			attributes = {
				LastSwiftUpdateCheck = 1130;
				LastUpgradeCheck = 1130;
				ORGANIZATIONNAME = "Artem Osipov";
				TargetAttributes = {
					EEFDC5EF2430D68C00A29950 = {
						CreatedOnToolsVersion = 11.3.1;
					};
				};
			};
			buildConfigurationList = EEFDC5EB2430D68C00A29950 /* Build configuration list for PBXProject "PitchApp" */;
			compatibilityVersion = "Xcode 9.3";
			developmentRegion = en;
			hasScannedForEncodings = 0;
			knownRegions = (
				en,
				Base,
			);
			mainGroup = EEFDC5E72430D68C00A29950;
			productRefGroup = EEFDC5F12430D68C00A29950 /* Products */;
			projectDirPath = "";
			projectRoot = "";
			targets = (
				EEFDC5EF2430D68C00A29950 /* PitchApp */,
			);
		};
/* End PBXProject section */

/* Begin PBXResourcesBuildPhase section */
		EEFDC5EE2430D68C00A29950 /* Resources */ = {
			isa = PBXResourcesBuildPhase;
			buildActionMask = 2147483647;
			files = (
				EEFDC6002430D68D00A29950 /* LaunchScreen.storyboard in Resources */,
				EEFDC5FD2430D68D00A29950 /* Assets.xcassets in Resources */,
				EEFDC5FB2430D68C00A29950 /* Main.storyboard in Resources */,
			);
			runOnlyForDeploymentPostprocessing = 0;
		};
/* End PBXResourcesBuildPhase section */

/* Begin PBXSourcesBuildPhase section */
		EEFDC5EC2430D68C00A29950 /* Sources */ = {
			isa = PBXSourcesBuildPhase;
			buildActionMask = 2147483647;
			files = (
				EEFDC5F82430D68C00A29950 /* RecordSoundsViewController.swift in Sources */,
				EE976F8724326CF600778117 /* playsoundsviewcontroller-audio.swift in Sources */,
				EEFDC5F42430D68C00A29950 /* AppDelegate.swift in Sources */,
				EE976F85243256F600778117 /* PlaySoundsViewController.swift in Sources */,
				EEFDC5F62430D68C00A29950 /* SceneDelegate.swift in Sources */,
			);
			runOnlyForDeploymentPostprocessing = 0;
		};
/* End PBXSourcesBuildPhase section */

/* Begin PBXVariantGroup section */
		EEFDC5F92430D68C00A29950 /* Main.storyboard */ = {
			isa = PBXVariantGroup;
			children = (
				EEFDC5FA2430D68C00A29950 /* Base */,
			);
			name = Main.storyboard;
			sourceTree = "<group>";
		};
		EEFDC5FE2430D68D00A29950 /* LaunchScreen.storyboard */ = {
			isa = PBXVariantGroup;
			children = (
				EEFDC5FF2430D68D00A29950 /* Base */,
			);
			name = LaunchScreen.storyboard;
			sourceTree = "<group>";
		};
/* End PBXVariantGroup section */

/* Begin XCBuildConfiguration section */
		EEFDC6022430D68D00A29950 /* Debug */ = {
			isa = XCBuildConfiguration;
			buildSettings = {
				ALWAYS_SEARCH_USER_PATHS = NO;
				CLANG_ANALYZER_NONNULL = YES;
				CLANG_ANALYZER_NUMBER_OBJECT_CONVERSION = YES_AGGRESSIVE;
				CLANG_CXX_LANGUAGE_STANDARD = "gnu++14";
				CLANG_CXX_LIBRARY = "libc++";
				CLANG_ENABLE_MODULES = YES;
				CLANG_ENABLE_OBJC_ARC = YES;
				CLANG_ENABLE_OBJC_WEAK = YES;
				CLANG_WARN_BLOCK_CAPTURE_AUTORELEASING = YES;
				CLANG_WARN_BOOL_CONVERSION = YES;
				CLANG_WARN_COMMA = YES;
				CLANG_WARN_CONSTANT_CONVERSION = YES;
				CLANG_WARN_DEPRECATED_OBJC_IMPLEMENTATIONS = YES;
				CLANG_WARN_DIRECT_OBJC_ISA_USAGE = YES_ERROR;
				CLANG_WARN_DOCUMENTATION_COMMENTS = YES;
				CLANG_WARN_EMPTY_BODY = YES;
				CLANG_WARN_ENUM_CONVERSION = YES;
				CLANG_WARN_INFINITE_RECURSION = YES;
				CLANG_WARN_INT_CONVERSION = YES;
				CLANG_WARN_NON_LITERAL_NULL_CONVERSION = YES;
				CLANG_WARN_OBJC_IMPLICIT_RETAIN_SELF = YES;
				CLANG_WARN_OBJC_LITERAL_CONVERSION = YES;
				CLANG_WARN_OBJC_ROOT_CLASS = YES_ERROR;
				CLANG_WARN_RANGE_LOOP_ANALYSIS = YES;
				CLANG_WARN_STRICT_PROTOTYPES = YES;
				CLANG_WARN_SUSPICIOUS_MOVE = YES;
				CLANG_WARN_UNGUARDED_AVAILABILITY = YES_AGGRESSIVE;
				CLANG_WARN_UNREACHABLE_CODE = YES;
				CLANG_WARN__DUPLICATE_METHOD_MATCH = YES;
				COPY_PHASE_STRIP = NO;
				DEBUG_INFORMATION_FORMAT = dwarf;
				ENABLE_STRICT_OBJC_MSGSEND = YES;
				ENABLE_TESTABILITY = YES;
				GCC_C_LANGUAGE_STANDARD = gnu11;
				GCC_DYNAMIC_NO_PIC = NO;
				GCC_NO_COMMON_BLOCKS = YES;
				GCC_OPTIMIZATION_LEVEL = 0;
				GCC_PREPROCESSOR_DEFINITIONS = (
					"DEBUG=1",
					"$(inherited)",
				);
				GCC_WARN_64_TO_32_BIT_CONVERSION = YES;
				GCC_WARN_ABOUT_RETURN_TYPE = YES_ERROR;
				GCC_WARN_UNDECLARED_SELECTOR = YES;
				GCC_WARN_UNINITIALIZED_AUTOS = YES_AGGRESSIVE;
				GCC_WARN_UNUSED_FUNCTION = YES;
				GCC_WARN_UNUSED_VARIABLE = YES;
				IPHONEOS_DEPLOYMENT_TARGET = 13.2;
				MTL_ENABLE_DEBUG_INFO = INCLUDE_SOURCE;
				MTL_FAST_MATH = YES;
				ONLY_ACTIVE_ARCH = YES;
				SDKROOT = iphoneos;
				SWIFT_ACTIVE_COMPILATION_CONDITIONS = DEBUG;
				SWIFT_OPTIMIZATION_LEVEL = "-Onone";
			};
			name = Debug;
		};
		EEFDC6032430D68D00A29950 /* Release */ = {
			isa = XCBuildConfiguration;
			buildSettings = {
				ALWAYS_SEARCH_USER_PATHS = NO;
				CLANG_ANALYZER_NONNULL = YES;
				CLANG_ANALYZER_NUMBER_OBJECT_CONVERSION = YES_AGGRESSIVE;
				CLANG_CXX_LANGUAGE_STANDARD = "gnu++14";
				CLANG_CXX_LIBRARY = "libc++";
				CLANG_ENABLE_MODULES = YES;
				CLANG_ENABLE_OBJC_ARC = YES;
				CLANG_ENABLE_OBJC_WEAK = YES;
				CLANG_WARN_BLOCK_CAPTURE_AUTORELEASING = YES;
				CLANG_WARN_BOOL_CONVERSION = YES;
				CLANG_WARN_COMMA = YES;
				CLANG_WARN_CONSTANT_CONVERSION = YES;
				CLANG_WARN_DEPRECATED_OBJC_IMPLEMENTATIONS = YES;
				CLANG_WARN_DIRECT_OBJC_ISA_USAGE = YES_ERROR;
				CLANG_WARN_DOCUMENTATION_COMMENTS = YES;
				CLANG_WARN_EMPTY_BODY = YES;
				CLANG_WARN_ENUM_CONVERSION = YES;
				CLANG_WARN_INFINITE_RECURSION = YES;
				CLANG_WARN_INT_CONVERSION = YES;
				CLANG_WARN_NON_LITERAL_NULL_CONVERSION = YES;
				CLANG_WARN_OBJC_IMPLICIT_RETAIN_SELF = YES;
				CLANG_WARN_OBJC_LITERAL_CONVERSION = YES;
				CLANG_WARN_OBJC_ROOT_CLASS = YES_ERROR;
				CLANG_WARN_RANGE_LOOP_ANALYSIS = YES;
				CLANG_WARN_STRICT_PROTOTYPES = YES;
				CLANG_WARN_SUSPICIOUS_MOVE = YES;
				CLANG_WARN_UNGUARDED_AVAILABILITY = YES_AGGRESSIVE;
				CLANG_WARN_UNREACHABLE_CODE = YES;
				CLANG_WARN__DUPLICATE_METHOD_MATCH = YES;
				COPY_PHASE_STRIP = NO;
				DEBUG_INFORMATION_FORMAT = "dwarf-with-dsym";
				ENABLE_NS_ASSERTIONS = NO;
				ENABLE_STRICT_OBJC_MSGSEND = YES;
				GCC_C_LANGUAGE_STANDARD = gnu11;
				GCC_NO_COMMON_BLOCKS = YES;
				GCC_WARN_64_TO_32_BIT_CONVERSION = YES;
				GCC_WARN_ABOUT_RETURN_TYPE = YES_ERROR;
				GCC_WARN_UNDECLARED_SELECTOR = YES;
				GCC_WARN_UNINITIALIZED_AUTOS = YES_AGGRESSIVE;
				GCC_WARN_UNUSED_FUNCTION = YES;
				GCC_WARN_UNUSED_VARIABLE = YES;
				IPHONEOS_DEPLOYMENT_TARGET = 13.2;
				MTL_ENABLE_DEBUG_INFO = NO;
				MTL_FAST_MATH = YES;
				SDKROOT = iphoneos;
				SWIFT_COMPILATION_MODE = wholemodule;
				SWIFT_OPTIMIZATION_LEVEL = "-O";
				VALIDATE_PRODUCT = YES;
			};
			name = Release;
		};
		EEFDC6052430D68D00A29950 /* Debug */ = {
			isa = XCBuildConfiguration;
			buildSettings = {
				ASSETCATALOG_COMPILER_APPICON_NAME = AppIcon;
				CODE_SIGN_STYLE = Automatic;
				DEVELOPMENT_TEAM = 7GMR8U5Z57;
				INFOPLIST_FILE = PitchApp/Info.plist;
				LD_RUNPATH_SEARCH_PATHS = (
					"$(inherited)",
					"@executable_path/Frameworks",
				);
				PRODUCT_BUNDLE_IDENTIFIER = ru.sverstal.PitchApp;
				PRODUCT_NAME = "$(TARGET_NAME)";
				SWIFT_VERSION = 5.0;
				TARGETED_DEVICE_FAMILY = "1,2";
			};
			name = Debug;
		};
		EEFDC6062430D68D00A29950 /* Release */ = {
			isa = XCBuildConfiguration;
			buildSettings = {
				ASSETCATALOG_COMPILER_APPICON_NAME = AppIcon;
				CODE_SIGN_STYLE = Automatic;
				DEVELOPMENT_TEAM = 7GMR8U5Z57;
				INFOPLIST_FILE = PitchApp/Info.plist;
				LD_RUNPATH_SEARCH_PATHS = (
					"$(inherited)",
					"@executable_path/Frameworks",
				);
				PRODUCT_BUNDLE_IDENTIFIER = ru.sverstal.PitchApp;
				PRODUCT_NAME = "$(TARGET_NAME)";
				SWIFT_VERSION = 5.0;
				TARGETED_DEVICE_FAMILY = "1,2";
			};
			name = Release;
		};
/* End XCBuildConfiguration section */

/* Begin XCConfigurationList section */
		EEFDC5EB2430D68C00A29950 /* Build configuration list for PBXProject "PitchApp" */ = {
			isa = XCConfigurationList;
			buildConfigurations = (
				EEFDC6022430D68D00A29950 /* Debug */,
				EEFDC6032430D68D00A29950 /* Release */,
			);
			defaultConfigurationIsVisible = 0;
			defaultConfigurationName = Release;
		};
		EEFDC6042430D68D00A29950 /* Build configuration list for PBXNativeTarget "PitchApp" */ = {
			isa = XCConfigurationList;
			buildConfigurations = (
				EEFDC6052430D68D00A29950 /* Debug */,
				EEFDC6062430D68D00A29950 /* Release */,
			);
			defaultConfigurationIsVisible = 0;
			defaultConfigurationName = Release;
		};
/* End XCConfigurationList section */
	};
	rootObject = EEFDC5E82430D68C00A29950 /* Project object */;
}
